# This file is generated by running "yarn install" inside your project.
# Manual changes might be lost - proceed with caution!

__metadata:
  version: 7
  cacheKey: 9

"@mastojs/ponyfills@npm:^1.0.4":
  version: 1.0.4
  resolution: "@mastojs/ponyfills@npm:1.0.4"
  dependencies:
    "@types/node": "npm:^18.11.17"
    "@types/node-fetch": "npm:^2.6.2"
    abort-controller: "npm:^3.0.0"
    form-data: "npm:^4.0.0"
    node-fetch: "npm:^2.6.7"
  checksum: b95180745f4280b5455b1c116267c88ce4a9a7e926b150079d0976273ef8c6cdbef257cee57a5fc19f3dd08b8646bda7f95f3a559a528037cf48df1cf57f0da1
  languageName: node
  linkType: hard

"@types/node-fetch@npm:^2.6.2":
  version: 2.6.2
  resolution: "@types/node-fetch@npm:2.6.2"
  dependencies:
    "@types/node": "npm:*"
    form-data: "npm:^3.0.0"
  checksum: bd268ca1129439b1e2c9d6291c64401b82ec50f72d5554d59ff4d52723a30dff86a175ad159f812e07795804e832afaaeffeea6f8350eb512497b8eab6c932a1
  languageName: node
  linkType: hard

"@types/node@npm:*, @types/node@npm:^18.11.17":
  version: 18.14.2
  resolution: "@types/node@npm:18.14.2"
  checksum: 129305df2c8e761c22cfa7a88ab780577864c8fc53a5b70cabbe4dd595e4b38b211b73a4380d0a18bf5da3634081bfa554cccf52dfd5e228e7a27de12c857aaf
  languageName: node
  linkType: hard

"abort-controller@npm:^3.0.0":
  version: 3.0.0
  resolution: "abort-controller@npm:3.0.0"
  dependencies:
    event-target-shim: "npm:^5.0.0"
  checksum: 336c22d64efef7142681fc2944db3f448d10b2384d816fc90502ea8d32800c854bd9cd586b168e216ba2e5f4cd0bfb431650a6e5dbc18957e614966ca7649764
  languageName: node
  linkType: hard

"asynckit@npm:^0.4.0":
  version: 0.4.0
  resolution: "asynckit@npm:0.4.0"
  checksum: e4d1381289f9effe69a4dbc18e8b4e2059113dfb23634d0f4064226042870dbc53175fbf261f982d055fa2952163a8b7608781ea58314a17bb6a2cd6815af4f1
  languageName: node
  linkType: hard

"call-bind@npm:^1.0.0":
  version: 1.0.2
  resolution: "call-bind@npm:1.0.2"
  dependencies:
    function-bind: "npm:^1.1.1"
    get-intrinsic: "npm:^1.0.2"
  checksum: 6fccea8a00310bf2e2b2a07aca0eddbdcd5de2eec9dfe880c1c8b0b7fd3c6809bf28aab0209aa530a35a2fba48587733521df7f83f8d5354047afed78b69a36b
  languageName: node
  linkType: hard

"camel-case@npm:^4.1.2":
  version: 4.1.2
  resolution: "camel-case@npm:4.1.2"
  dependencies:
    pascal-case: "npm:^3.1.2"
    tslib: "npm:^2.0.3"
  checksum: 825dd52d9138ece5360a71384722a5f3438ba5df9008470e12b1692b04f4de69c09164fb92ea54bc5ef5716ed6fc14732e0f39d2aad8925c3ea28a71bd2ecc3a
  languageName: node
  linkType: hard

"capital-case@npm:^1.0.4":
  version: 1.0.4
  resolution: "capital-case@npm:1.0.4"
  dependencies:
    no-case: "npm:^3.0.4"
    tslib: "npm:^2.0.3"
    upper-case-first: "npm:^2.0.2"
  checksum: 913c04c48763e2d9e38ffb9b08e2b8a22824eb8a5882e35924db857694b022c3d23496962919b25cf8577fe1151657b32937b7ef2d086e7997b162219cefc16f
  languageName: node
  linkType: hard

"change-case@npm:^4.1.2":
  version: 4.1.2
  resolution: "change-case@npm:4.1.2"
  dependencies:
    camel-case: "npm:^4.1.2"
    capital-case: "npm:^1.0.4"
    constant-case: "npm:^3.0.4"
    dot-case: "npm:^3.0.4"
    header-case: "npm:^2.0.4"
    no-case: "npm:^3.0.4"
    param-case: "npm:^3.0.4"
    pascal-case: "npm:^3.1.2"
    path-case: "npm:^3.0.4"
    sentence-case: "npm:^3.0.4"
    snake-case: "npm:^3.0.4"
    tslib: "npm:^2.0.3"
  checksum: 7e6bc68c5961de7742a7a7e3f13c53031912c0911c7a2d59d6c8a1a8e5f3e47655ea3ccb402d6843c99c0fd219d2913f7d823df05367e0ac6efb65dcbb21ade0
  languageName: node
  linkType: hard

"codsen-utils@npm:^1.2.0":
  version: 1.2.0
  resolution: "codsen-utils@npm:1.2.0"
  checksum: 58c027f7e5dcaf96dd81deb552f8328e082cf934bda06387e317b56efaae331d7a724045838e4ec018461c42470cb24e9b6b47d182c1b3cc5b1e7b5c65ff071f
  languageName: node
  linkType: hard

"combined-stream@npm:^1.0.8":
  version: 1.0.8
  resolution: "combined-stream@npm:1.0.8"
  dependencies:
    delayed-stream: "npm:~1.0.0"
  checksum: c3224efc798a4f2066ff2f65c28d60b48ec73b38bf76331ecc61814875cc5c8a93beccc268ca08aaa98a141c262de5787d68685b6682b8b67ad2dadb8bd2ddd2
  languageName: node
  linkType: hard

"constant-case@npm:^3.0.4":
  version: 3.0.4
  resolution: "constant-case@npm:3.0.4"
  dependencies:
    no-case: "npm:^3.0.4"
    tslib: "npm:^2.0.3"
    upper-case: "npm:^2.0.2"
  checksum: 2a4d10cc736f8f6c2dd6f42e009f2fbb722f852bdcab447c221d4871cf67ceb329f11c551f85059d6415ff06fdf59447987d5df68b91630daa4e8f54302e3288
  languageName: node
  linkType: hard

"delayed-stream@npm:~1.0.0":
  version: 1.0.0
  resolution: "delayed-stream@npm:1.0.0"
  checksum: 22f11ed342773dbc427e84d5a972e5c67fc34a44bf80eead5a41d8697c9303ae32991e568921cbd82553deeb1b33f3d6ecc148bf0efe3789589c8cb7b0e1a53a
  languageName: node
  linkType: hard

"dot-case@npm:^3.0.4":
  version: 3.0.4
  resolution: "dot-case@npm:3.0.4"
  dependencies:
    no-case: "npm:^3.0.4"
    tslib: "npm:^2.0.3"
  checksum: 951f9f8423106c57ba5f078e5d81cf810a94d20b16e50ea26369942b634bb30789677756a267320907b250b8c0432b598da719ade592c727968bb1f8cfefa8c6
  languageName: node
  linkType: hard

"event-target-shim@npm:^5.0.0":
  version: 5.0.1
  resolution: "event-target-shim@npm:5.0.1"
  checksum: 9bac81ec63b29e184fe5d10a8ea09a2957f39dc109a6f594c5e095beae88bf64c63b061ebb867fe883832ca4a8daefda8a92ed55a4f460cedbef25e574fb4466
  languageName: node
  linkType: hard

"eventemitter3@npm:^5.0.0":
  version: 5.0.0
  resolution: "eventemitter3@npm:5.0.0"
  checksum: 9be8c6865aacea20dd1fc729a7979f710563174061c059cd1a5b8b20ce63f2dd8daf8eb666f8515e48efb11b85ed203731a4b3f692d62344917817c2b8e7543b
  languageName: node
  linkType: hard

"form-data@npm:^3.0.0":
  version: 3.0.1
  resolution: "form-data@npm:3.0.1"
  dependencies:
    asynckit: "npm:^0.4.0"
    combined-stream: "npm:^1.0.8"
    mime-types: "npm:^2.1.12"
  checksum: 4ca2af6f04d3e3914b6ed8e5ea256da66c883bc2ae64651929f5eb842a47b6461fa51cd19c2a1d5ede09f5117593f2622814c34f8e0ac4869b91a4815c401753
  languageName: node
  linkType: hard

"form-data@npm:^4.0.0":
  version: 4.0.0
  resolution: "form-data@npm:4.0.0"
  dependencies:
    asynckit: "npm:^0.4.0"
    combined-stream: "npm:^1.0.8"
    mime-types: "npm:^2.1.12"
  checksum: de37c5684d843842d2cc2bc44a975d9fecdf1df30d061c90b62fc0caeeeeb45794bceaba7aa52ee5eae8ede01ba44215b26c58f41cf64271c513787b7241fce4
  languageName: node
  linkType: hard

"fs@npm:^0.0.1-security":
  version: 0.0.1-security
  resolution: "fs@npm:0.0.1-security"
  checksum: 0bb4dbc28772183fed666a8822959607ef515995a01362c8f7204594478a138edd2834ac908fd2745d21a07611a3e5fdd751f822ad38b4166c035011d72b06a7
  languageName: node
  linkType: hard

"function-bind@npm:^1.1.1":
  version: 1.1.1
  resolution: "function-bind@npm:1.1.1"
  checksum: 8a644b8118679030cb3aeb783b024a9ee358b15c5780bdb49fe5d482f6df54672bda860e19bce87d756a5e165740caaa96f5e8487fa98933c327f631e23a5490
  languageName: node
  linkType: hard

"get-intrinsic@npm:^1.0.2":
  version: 1.2.0
  resolution: "get-intrinsic@npm:1.2.0"
  dependencies:
    function-bind: "npm:^1.1.1"
    has: "npm:^1.0.3"
    has-symbols: "npm:^1.0.3"
  checksum: 6db1e521478d0a0f4e61c94c23e7a731b163d2904067b1b6efcac78e8b015404883dab4acb5570517df55aab6eb23eeef6a8d7310de76d9570fcbce4a3f80b18
  languageName: node
  linkType: hard

"has-symbols@npm:^1.0.3":
  version: 1.0.3
  resolution: "has-symbols@npm:1.0.3"
  checksum: 2d0abb3382da2945b1b8d9a4afebc8a0770fe07198e727b4fbd7f616c70796f040bf2bd8d6db47e0c590507812a2680594fc77f871238289f6c7870318cf62c9
  languageName: node
  linkType: hard

"has@npm:^1.0.3":
  version: 1.0.3
  resolution: "has@npm:1.0.3"
  dependencies:
    function-bind: "npm:^1.1.1"
  checksum: 3e8c4d87ccd9c160d61a5db829b5fb647acac79e482476c857d5d1dc580517c6a77cf84337808f28361f6263008ce1ce5aff44407bd9241af93c623ef8d8d4f1
  languageName: node
  linkType: hard

"header-case@npm:^2.0.4":
  version: 2.0.4
  resolution: "header-case@npm:2.0.4"
  dependencies:
    capital-case: "npm:^1.0.4"
    tslib: "npm:^2.0.3"
  checksum: 401cbd54796cf233983d5da9c8fbfb49a4bc8dc60e7ea3e81ef06f8084614c5f41220048d6b623314de344beac3a11f2c8e2594b093c5abc115bf2453be54c4f
  languageName: node
  linkType: hard

"html-entities@npm:^2.3.3":
  version: 2.3.3
  resolution: "html-entities@npm:2.3.3"
  checksum: cad32c60fce7137f0b3aefc30ba3b0438d6881299230f5a40aec720829ff00d2277ac5f9be4701615d3484c5cfd8260681c6b8f7947021bda294650f38c65e9f
  languageName: node
  linkType: hard

"isomorphic-ws@npm:^5.0.0":
  version: 5.0.0
  resolution: "isomorphic-ws@npm:5.0.0"
  peerDependencies:
    ws: "*"
  checksum: 4c07f7c2fc49e6157adaf8c1563ec135796c66730f119243fec5e0ddb904ab3a9089aefe6a8f70fa6d349ad9585c4b9a5dbdb3147671825fba7b4a5322f9fc99
  languageName: node
  linkType: hard

"lodash.clonedeep@npm:^4.5.0":
  version: 4.5.0
  resolution: "lodash.clonedeep@npm:4.5.0"
  checksum: 0c14df1824c21e8387a8ee586a8f6bddf5c4592ab9eb20950d1bb6beac5a6d64fe48091da904152155da66a8e0b141ce3064fad2d4bd26634906a17118264286
  languageName: node
  linkType: hard

"lodash.trim@npm:^4.5.1":
  version: 4.5.1
  resolution: "lodash.trim@npm:4.5.1"
  checksum: 9d4b1300d14f42e34393d6ea2f103fc14a35ef57691dc11dd2e727f09cc0e3af60a6893050c26d03270da1192c2d1dbf03380d9da7eb06dc3876e78673eab155
  languageName: node
  linkType: hard

"lodash.without@npm:^4.4.0":
  version: 4.4.0
  resolution: "lodash.without@npm:4.4.0"
  checksum: 2f9f58821917c6464a91ca80d5e2c034b4b3c950afc4f839bf9554eeeccccc2002acc3d07055cb04392b05697d6eb81f7f0a2a7731056e0c95b2845fea60d5ae
  languageName: node
  linkType: hard

"lower-case@npm:^2.0.2":
  version: 2.0.2
  resolution: "lower-case@npm:2.0.2"
  dependencies:
    tslib: "npm:^2.0.3"
  checksum: 2da56ea650669ee9d2427ba349867da18b4cf0190be2fb2b0f8adaa28cffd27bbf4e39b41a619bf653906a584b84c7df606b7f727d3048a8056e4e419407b3e5
  languageName: node
  linkType: hard

"lru-cache@npm:^6.0.0":
  version: 6.0.0
  resolution: "lru-cache@npm:6.0.0"
  dependencies:
    yallist: "npm:^4.0.0"
  checksum: b2d72088dd27df27189607554990b0fd31d3fbd4037df909ef66f48a14122baf8ffce7f33edc17e6543ea7cd71fa561136518355dde2ad57676fa0b2ea53b85f
  languageName: node
  linkType: hard

"masto@npm:^5.10.0":
  version: 5.10.0
  resolution: "masto@npm:5.10.0"
  dependencies:
    "@mastojs/ponyfills": "npm:^1.0.4"
    change-case: "npm:^4.1.2"
    eventemitter3: "npm:^5.0.0"
    isomorphic-ws: "npm:^5.0.0"
    qs: "npm:^6.11.0"
    semver: "npm:^7.3.7"
    ws: "npm:^8.12.0"
  checksum: 95a0878df990734d169076cc5e0f8b54f118bc94c5f9bea8c071affbfd905ffb2159949191c485acda444797b2ff9a09f5c5fa36c4ba8a1a7a85cbb89a2d987d
  languageName: node
  linkType: hard

"mime-db@npm:1.52.0":
  version: 1.52.0
  resolution: "mime-db@npm:1.52.0"
  checksum: 95baf687a3f14ff2cc433e30dea5c4931c7f4b67059d44a0098cfb833858cad63ec13c20f98762bddd088c4e9dac6d95862db1ea9d3fe3fa68f57b69a325000d
  languageName: node
  linkType: hard

"mime-types@npm:^2.1.12":
  version: 2.1.35
  resolution: "mime-types@npm:2.1.35"
  dependencies:
    mime-db: "npm:1.52.0"
  checksum: 51e3b38d1b1b83da082f7c29042bcb22036101346394696b7643ef5da27ebf6bf71643bd45225ee75e4ea2836213780efc8c3dcd2055c84b49eb0afc061419d0
  languageName: node
  linkType: hard

"moment@npm:^2.29.4":
  version: 2.29.4
  resolution: "moment@npm:2.29.4"
  checksum: d275537a30f155cae7f53f6e6d164ccb59b560935f3c6ed0f4a2e6f3503063b491ffa6b4f7e7207501f6fcab92a2d0bb78ed539cde33cadcb91df6b254f7328d
  languageName: node
  linkType: hard

"no-case@npm:^3.0.4":
  version: 3.0.4
  resolution: "no-case@npm:3.0.4"
  dependencies:
    lower-case: "npm:^2.0.2"
    tslib: "npm:^2.0.3"
  checksum: 862a2115a3eb27b2293be320faf1408cb0ee75a1da41a463463f53bfeb34f20c89805279fc2c6123b79c3d366f9e445cfcb8e0582611e2bd6712fa8edfaabbda
  languageName: node
  linkType: hard

"node-fetch@npm:^2.6.7":
  version: 2.6.9
  resolution: "node-fetch@npm:2.6.9"
  dependencies:
    whatwg-url: "npm:^5.0.0"
  peerDependencies:
    encoding: ^0.1.0
  peerDependenciesMeta:
    encoding:
      optional: true
  checksum: 8457cf62f599e9d55b01d58f87ed2110c65f83c4fcce8be0e350909995384e96a55e2b810d0e1a67a1fbe7f9930cd0998146d2dcce4843f9ed3ac0b479bd5c64
  languageName: node
  linkType: hard

"object-inspect@npm:^1.9.0":
  version: 1.12.3
  resolution: "object-inspect@npm:1.12.3"
  checksum: 052c374ab0a4c85201480374c1039dddac0aaa8ef0fcbe1b04026f4c832c5632db6cb63617d6403b2b9dca08d4302d781aeb6c4d0260de4a84118ecaf1b5ebda
  languageName: node
  linkType: hard

"param-case@npm:^3.0.4":
  version: 3.0.4
  resolution: "param-case@npm:3.0.4"
  dependencies:
    dot-case: "npm:^3.0.4"
    tslib: "npm:^2.0.3"
  checksum: eab62423d2e4fafd0f6dc54d3639dda7a6437bf084d16549bf4df62a7cb972b588cd01ed47511d4fae2165e87f510396edd0fa32935e61d8bc984319a839a9ff
  languageName: node
  linkType: hard

"pascal-case@npm:^3.1.2":
  version: 3.1.2
  resolution: "pascal-case@npm:3.1.2"
  dependencies:
    no-case: "npm:^3.0.4"
    tslib: "npm:^2.0.3"
  checksum: 1d34b5460567fdbdb0d028bb95faaf10e7eeaa4c013922d2654bea50ce75f51a6e42b502d3257de5136ec8b80eebc395a8d2dda466d452b472a3ced16073567a
  languageName: node
  linkType: hard

"path-case@npm:^3.0.4":
  version: 3.0.4
  resolution: "path-case@npm:3.0.4"
  dependencies:
    dot-case: "npm:^3.0.4"
    tslib: "npm:^2.0.3"
  checksum: b150b466fc8cf5b90e5afbbe04da72fc8a48061c4132d9df67067501f70e035842a4838950b61b518797d185083d1a5bb6dad01bc376bbbe08a68531d075fc61
  languageName: node
  linkType: hard

"qs@npm:^6.11.0":
  version: 6.11.0
  resolution: "qs@npm:6.11.0"
  dependencies:
    side-channel: "npm:^1.0.4"
  checksum: 337966e2e957a7d2a69821c528f3d18a8b346ddb0f16cc08d11c6206aed3b6624927781ff437aa3909e54ad32ebdee2c5396ad4094b1c722760774f7082f6124
  languageName: node
  linkType: hard

"ranges-apply@npm:^7.0.5":
  version: 7.0.5
  resolution: "ranges-apply@npm:7.0.5"
  dependencies:
    ranges-merge: "npm:^9.0.5"
    tiny-invariant: "npm:^1.3.1"
  checksum: a0ac1caf9fdc5fa011e57caee15c4de199ea563c98b064139435d614ca3b87a28f5e1de60be0bf426d0f0c7f8dbaa0d0f3af640ec9d3873a4e3362d073abeac6
  languageName: node
  linkType: hard

"ranges-merge@npm:^9.0.5":
  version: 9.0.5
  resolution: "ranges-merge@npm:9.0.5"
  dependencies:
    ranges-push: "npm:^7.0.5"
    ranges-sort: "npm:^6.0.5"
  checksum: 0fe49ac7aa84e07bc748ea2a984f120b2bdc2c0a2b0dc7bcfe3e878715009ebf7ac59ab203e3a2bf15f2f1fa4279f1ec9288d41084d244b42aa0048a27b3038b
  languageName: node
  linkType: hard

"ranges-push@npm:^7.0.5":
  version: 7.0.5
  resolution: "ranges-push@npm:7.0.5"
  dependencies:
    string-collapse-leading-whitespace: "npm:^7.0.3"
    string-trim-spaces-only: "npm:^5.0.5"
  checksum: 138deb8b3d0028aa7b74e7edc652dec4507d7c7263343a3f9af96e22dea6704ecd184b5ef26057c940a28472d648d68cff0cf8d4788dcde519b95ebdb3b7d810
  languageName: node
  linkType: hard

"ranges-sort@npm:^6.0.5":
  version: 6.0.5
  resolution: "ranges-sort@npm:6.0.5"
  checksum: 7a0b2a07aa77451ea7e3ba4c5312ce0d485c82bc8029a5418d0374534bbf9dcee5aa760cb1bc81adeb1f3346bc8a3a11907a4114f64afddf33dc44ffb528917a
  languageName: node
  linkType: hard

"semver@npm:^7.3.7":
  version: 7.3.8
  resolution: "semver@npm:7.3.8"
  dependencies:
    lru-cache: "npm:^6.0.0"
  bin:
    semver: bin/semver.js
  checksum: 94ad80ee14889020cb4a14d809fb99d16cbf4ff3dc7f4c564fc72efe2c5763a60090a1c16a9fd18ceeb1e993a1303a4d870c0a22f26adaf435b368b46a7d8462
  languageName: node
  linkType: hard

"sentence-case@npm:^3.0.4":
  version: 3.0.4
  resolution: "sentence-case@npm:3.0.4"
  dependencies:
    no-case: "npm:^3.0.4"
    tslib: "npm:^2.0.3"
    upper-case-first: "npm:^2.0.2"
  checksum: e98889c53afe8b21f632ed8d7e941141f855ebcf4e3eea14f1d2e8f23e41e657757cdc561c18f7a4b7d51fcdf3bfac1bc5ddaeb589092c7c1ea3dfe869978372
  languageName: node
  linkType: hard

"side-channel@npm:^1.0.4":
  version: 1.0.4
  resolution: "side-channel@npm:1.0.4"
  dependencies:
    call-bind: "npm:^1.0.0"
    get-intrinsic: "npm:^1.0.2"
    object-inspect: "npm:^1.9.0"
  checksum: d712a4e682471c1a1c7bf9294a8bb0f066566e016de11fdb01ae0c0ebf8102c97cc2b2d3b0264ca377eb2d3444bf4c06909392c518a162f047b7444608e0e9a2
  languageName: node
  linkType: hard

"snake-case@npm:^3.0.4":
  version: 3.0.4
  resolution: "snake-case@npm:3.0.4"
  dependencies:
    dot-case: "npm:^3.0.4"
    tslib: "npm:^2.0.3"
  checksum: b33d2573a0e33397e29cf2bb97e7dded7bf8be7efc53051bba85bd4888917277ae174f328d831424b3f9e5a6095823bcc11a62af0e9c77c88f127aa53a3d98bb
  languageName: node
  linkType: hard

"string-collapse-leading-whitespace@npm:^7.0.3":
  version: 7.0.3
  resolution: "string-collapse-leading-whitespace@npm:7.0.3"
  checksum: 6d6923c734da9ef8568389c45daa1d06b28996ba4613822267c33105849f897aa844b62b928336f8ea2dad1420ec81ea982afbb7b93aa223a5f133e1c0b11190
  languageName: node
  linkType: hard

"string-left-right@npm:^6.0.8":
  version: 6.0.8
  resolution: "string-left-right@npm:6.0.8"
  dependencies:
    codsen-utils: "npm:^1.2.0"
    lodash.clonedeep: "npm:^4.5.0"
  checksum: 2cfe3ff619eab0400f467e8d21228188d8587aff4a6e51281015ac5bb60288924d44309e2385ca3a34f59e4505c71973aaa333fcc45b2492758cbb0295d12aac
  languageName: node
  linkType: hard

"string-strip-html@npm:^13.2.0":
  version: 13.2.0
  resolution: "string-strip-html@npm:13.2.0"
  dependencies:
    codsen-utils: "npm:^1.2.0"
    html-entities: "npm:^2.3.3"
    lodash.trim: "npm:^4.5.1"
    lodash.without: "npm:^4.4.0"
    ranges-apply: "npm:^7.0.5"
    ranges-push: "npm:^7.0.5"
    string-left-right: "npm:^6.0.8"
  checksum: f725a84fb3a8de05df4ab03c7a8409a704aa51f39d3680c8a4a963b2d5360bcd98f9cfc64a65f367c49acbc3e0e29c3b74ccdc7f944ce918d6b03dde9f38ebe2
  languageName: node
  linkType: hard

"string-trim-spaces-only@npm:^5.0.5":
  version: 5.0.5
  resolution: "string-trim-spaces-only@npm:5.0.5"
  checksum: fe469ffbf58568c475ee996a54e51c5943e77169a7ade5821b8abe3c2453b34aa3281b66dd6f070319e3556df7bac2b0a5507da40e72bfa326ce1eb3b802cbb5
  languageName: node
  linkType: hard

"tiny-invariant@npm:^1.3.1":
  version: 1.3.1
  resolution: "tiny-invariant@npm:1.3.1"
  checksum: 26961717eddd03a59e6d71b8ef283cb8754f3b40e23813f63a10fb24c289e07d42563fbf1883972489b75aa91308e128de143b722b0317a34472324c06515a3e
  languageName: node
  linkType: hard

"tootback_batch@workspace:.":
  version: 0.0.0-use.local
  resolution: "tootback_batch@workspace:."
  dependencies:
    fs: "npm:^0.0.1-security"
    masto: "npm:^5.10.0"
    moment: "npm:^2.29.4"
    string-strip-html: "npm:^13.2.0"
    typescript: "npm:^4.9.5"
  languageName: unknown
  linkType: soft

"tr46@npm:~0.0.3":
  version: 0.0.3
  resolution: "tr46@npm:0.0.3"
  checksum: c670667f2df1c0983b48ee7e81d6013ab304f73573e9e4292233821b2219504307bedffc303c32df30813a9138114b8b084c81dea94fb68f08aca7770af98578
  languageName: node
  linkType: hard

"tslib@npm:^2.0.3":
  version: 2.5.0
  resolution: "tslib@npm:2.5.0"
  checksum: 5a6ee935f56cd653af29de928483acbab7323f964b053e98b6b318abc69431fb0e4f660c4f4a396e2e93852510bef25eeb9f1d951d060b2d7bcc313811e5da6f
  languageName: node
  linkType: hard

"typescript@npm:^4.9.5":
  version: 4.9.5
  resolution: "typescript@npm:4.9.5"
  bin:
    tsc: bin/tsc
    tsserver: bin/tsserver
  checksum: 550217a465c00b1d7ef0e0ddc3a6a0b2ae1fd7c1b9f53cde5a1cfe56aa457c7a43fa83792c1b98b2185d2156d0467c9ad6f6600515ad4f4fc2acee54c4bd320e
  languageName: node
  linkType: hard

"typescript@patch:typescript@npm%3A^4.9.5#optional!builtin<compat/typescript>":
  version: 4.9.5
  resolution: "typescript@patch:typescript@npm%3A4.9.5#optional!builtin<compat/typescript>::version=4.9.5&hash=23ec76"
  bin:
    tsc: bin/tsc
    tsserver: bin/tsserver
  checksum: 09f82f25664c79d5cccc389502175093becf51d691b443c79294303681544a399fb42f8384b535ddeba48cadb64e7d14b42de40d8ade4418bb43174989dd8685
  languageName: node
  linkType: hard

"upper-case-first@npm:^2.0.2":
  version: 2.0.2
  resolution: "upper-case-first@npm:2.0.2"
  dependencies:
    tslib: "npm:^2.0.3"
  checksum: 28c69870d26b67dabf1423fe48250fcb2b018b2bf3e4b697ebd85bf48a7e3eb278050f7ab98e5d3d2464a58cfa2ca1b4e2ec513fd5534c7bbf1f2441fd35c8e7
  languageName: node
  linkType: hard

"upper-case@npm:^2.0.2":
  version: 2.0.2
  resolution: "upper-case@npm:2.0.2"
  dependencies:
    tslib: "npm:^2.0.3"
  checksum: 6e63b063617770c22bf13c2cf112dda7235ee8c559ee7b199ab57593bf6e87383aaed416045cad8b9687e33554345c78a8ecd7e3878bca367ca7da29121b8feb
  languageName: node
  linkType: hard

"webidl-conversions@npm:^3.0.0":
  version: 3.0.1
  resolution: "webidl-conversions@npm:3.0.1"
  checksum: 57c8c5fdd986be5432ea6adacd87d6757144289d3b48b33441e7310bd4f4f6d782dd34acbd74d61e923c142cc50333d27ba58235692fa7248541c0bcce2563e1
  languageName: node
  linkType: hard

"whatwg-url@npm:^5.0.0":
  version: 5.0.0
  resolution: "whatwg-url@npm:5.0.0"
  dependencies:
    tr46: "npm:~0.0.3"
    webidl-conversions: "npm:^3.0.0"
  checksum: bd0cc6b75b84b3d032e30712e2f40eefbc07ecd14f093e87b2f81bb68bce10a3961e8eb646a7a8cc9c2352548fb501eeff668c8b2595fd7c6ea91d1406ce11ee
  languageName: node
  linkType: hard

"ws@npm:^8.12.0":
  version: 8.12.1
  resolution: "ws@npm:8.12.1"
  peerDependencies:
    bufferutil: ^4.0.1
    utf-8-validate: ">=5.0.2"
  peerDependenciesMeta:
    bufferutil:
      optional: true
    utf-8-validate:
      optional: true
  checksum: a876f870ceeaaf115138a47eacc6b2a2d750c95d770124ad2aad4d7b03d4413dae65e6325ac76df3c30930f6c8cb683c65b236f7068e497e5c70a5f8acd9e213
  languageName: node
  linkType: hard

"yallist@npm:^4.0.0":
  version: 4.0.0
  resolution: "yallist@npm:4.0.0"
  checksum: cd7fe32508c6942d8b979278fbe13846fe88cd6840d78043d08c6b2c74d67ce38b58bd21618dca8a4e132dcc025fc0e66a7d87ca10cf6ed338465607ebff4378
  languageName: node
  linkType: hard
