# This file is generated by running "yarn install" inside your project.
# Manual changes might be lost - proceed with caution!

__metadata:
  version: 7
  cacheKey: 9

"@colors/colors@npm:1.5.0":
  version: 1.5.0
  resolution: "@colors/colors@npm:1.5.0"
  checksum: 5e08870799494f68e5b3b79e9a337bbf5fd7e634904fbbe642769921bf158fe458c41c888f88edf051b78c5325e3339970f00b24e31421c3480bb58f02687218
  languageName: node
  linkType: hard

"@dabh/diagnostics@npm:^2.0.2":
  version: 2.0.3
  resolution: "@dabh/diagnostics@npm:2.0.3"
  dependencies:
    colorspace: "npm:1.1.x"
    enabled: "npm:2.0.x"
    kuler: "npm:^2.0.0"
  checksum: 6e55110ee3d975baaa03dd87bc7bd9acf69242c27436355f6827d3182af09fdd1d249ff4c0635c95ca8ba47f3c2175ada844d1cc93ecb6adf00f12f5a3198697
  languageName: node
  linkType: hard

"@google-cloud/bigquery@npm:^6.1.0":
  version: 6.1.0
  resolution: "@google-cloud/bigquery@npm:6.1.0"
  dependencies:
    "@google-cloud/common": "npm:^4.0.0"
    "@google-cloud/paginator": "npm:^4.0.0"
    "@google-cloud/promisify": "npm:^3.0.0"
    arrify: "npm:^2.0.1"
    big.js: "npm:^6.0.0"
    duplexify: "npm:^4.0.0"
    extend: "npm:^3.0.2"
    is: "npm:^3.3.0"
    p-event: "npm:^4.1.0"
    readable-stream: "npm:^4.0.0"
    stream-events: "npm:^1.0.5"
    uuid: "npm:^9.0.0"
  checksum: 789b44ecf1903ff71e7dbc83b02b7bab6969e5c8cf196183558002c8632bc7a2c163dc8a82ed2c3ffdef96f5689b958690f3c2b9444816b9b5c284627bc6af9b
  languageName: node
  linkType: hard

"@google-cloud/common@npm:^4.0.0":
  version: 4.0.3
  resolution: "@google-cloud/common@npm:4.0.3"
  dependencies:
    "@google-cloud/projectify": "npm:^3.0.0"
    "@google-cloud/promisify": "npm:^3.0.0"
    arrify: "npm:^2.0.1"
    duplexify: "npm:^4.1.1"
    ent: "npm:^2.2.0"
    extend: "npm:^3.0.2"
    google-auth-library: "npm:^8.0.2"
    retry-request: "npm:^5.0.0"
    teeny-request: "npm:^8.0.0"
  checksum: 066d2772ad091de22dac6a5527a52e89c0fe7857a5a304bb5aa6f615b0dece07b24ee94d41da4f1abf1fba3ffdee696a77d1ba8e8e8152e59284cc3e1a687035
  languageName: node
  linkType: hard

"@google-cloud/paginator@npm:^4.0.0":
  version: 4.0.1
  resolution: "@google-cloud/paginator@npm:4.0.1"
  dependencies:
    arrify: "npm:^2.0.0"
    extend: "npm:^3.0.2"
  checksum: 1d0d3f25a672e236025c678a467b9522a602c1183f6745b82b06b2577ddda63d032b5b5271784c1bb11c72698ef0fd5766ff7a0a6a58f774929e8363992521cf
  languageName: node
  linkType: hard

"@google-cloud/projectify@npm:^3.0.0":
  version: 3.0.0
  resolution: "@google-cloud/projectify@npm:3.0.0"
  checksum: 2e5e10d8a6e51455d08b922ff0c18366849617a316cac8e72b15d13418a629a49f231ba4911123dbcfa29d759dbbbe3c305aa7ab8ae4b458a5911d4a19b6aecb
  languageName: node
  linkType: hard

"@google-cloud/promisify@npm:^3.0.0":
  version: 3.0.1
  resolution: "@google-cloud/promisify@npm:3.0.1"
  checksum: 221f928332457fa94baff2975d96a6d2f2f91b89f849aead3aefe341b420792ae35714bcb87a0151ec1f2b65bc4732aafe1383ce1901333eff7db55ab4e4269d
  languageName: node
  linkType: hard

"@mastojs/ponyfills@npm:^1.0.4":
  version: 1.0.4
  resolution: "@mastojs/ponyfills@npm:1.0.4"
  dependencies:
    "@types/node": "npm:^18.11.17"
    "@types/node-fetch": "npm:^2.6.2"
    abort-controller: "npm:^3.0.0"
    form-data: "npm:^4.0.0"
    node-fetch: "npm:^2.6.7"
  checksum: b95180745f4280b5455b1c116267c88ce4a9a7e926b150079d0976273ef8c6cdbef257cee57a5fc19f3dd08b8646bda7f95f3a559a528037cf48df1cf57f0da1
  languageName: node
  linkType: hard

"@tootallnate/once@npm:2":
  version: 2.0.0
  resolution: "@tootallnate/once@npm:2.0.0"
  checksum: d9f7f2130a0a2e1ea50f3bc90b83a8b99c913bbb80d7a1706f7f4730292ef299d18443c3b57a42dfb17c6559c9085e13f751b1b6c969bcff7bee3eeaf9da4dec
  languageName: node
  linkType: hard

"@types/node-fetch@npm:^2.6.2":
  version: 2.6.2
  resolution: "@types/node-fetch@npm:2.6.2"
  dependencies:
    "@types/node": "npm:*"
    form-data: "npm:^3.0.0"
  checksum: bd268ca1129439b1e2c9d6291c64401b82ec50f72d5554d59ff4d52723a30dff86a175ad159f812e07795804e832afaaeffeea6f8350eb512497b8eab6c932a1
  languageName: node
  linkType: hard

"@types/node@npm:*, @types/node@npm:^18.11.17":
  version: 18.14.2
  resolution: "@types/node@npm:18.14.2"
  checksum: 129305df2c8e761c22cfa7a88ab780577864c8fc53a5b70cabbe4dd595e4b38b211b73a4380d0a18bf5da3634081bfa554cccf52dfd5e228e7a27de12c857aaf
  languageName: node
  linkType: hard

"@types/triple-beam@npm:^1.3.2":
  version: 1.3.2
  resolution: "@types/triple-beam@npm:1.3.2"
  checksum: 75d86c5425ce28bbcbb3b1d246f521f9f0dec0350c4d0ef8cc812fa6e69f4b79886ddb7e8cb62adf9bbeecb50bed92ec3b00d53ff933b8f2589934c8b3ca51f1
  languageName: node
  linkType: hard

"abort-controller@npm:^3.0.0":
  version: 3.0.0
  resolution: "abort-controller@npm:3.0.0"
  dependencies:
    event-target-shim: "npm:^5.0.0"
  checksum: 336c22d64efef7142681fc2944db3f448d10b2384d816fc90502ea8d32800c854bd9cd586b168e216ba2e5f4cd0bfb431650a6e5dbc18957e614966ca7649764
  languageName: node
  linkType: hard

"agent-base@npm:6":
  version: 6.0.2
  resolution: "agent-base@npm:6.0.2"
  dependencies:
    debug: "npm:4"
  checksum: 2d0cdeccfe3058cb18661db3bcbb6cc092144eaecd7da3ee4321be0490d5654e53dbd08c28690d83f55f791b0369819f5872ee5122a2aad0a39edbc51798f01b
  languageName: node
  linkType: hard

"arrify@npm:^2.0.0, arrify@npm:^2.0.1":
  version: 2.0.1
  resolution: "arrify@npm:2.0.1"
  checksum: 29cf671ec2787421dde2aaca2e908812f9305089a8ee7fc725ff6e20cfa03d79ddf358377b0c7e297a2cf443194b784d4faf4ad6474023c2c4c87dc728948cc3
  languageName: node
  linkType: hard

"async@npm:^3.2.3":
  version: 3.2.4
  resolution: "async@npm:3.2.4"
  checksum: 9719e38d24e9922c255ee9ae925fb668ef52243f9866a1b59e423a3bb6150a886b3c37287348ceefa09cd3f6fa1a29dcc770eeb70642acb13674363b2d5b2b21
  languageName: node
  linkType: hard

"asynckit@npm:^0.4.0":
  version: 0.4.0
  resolution: "asynckit@npm:0.4.0"
  checksum: e4d1381289f9effe69a4dbc18e8b4e2059113dfb23634d0f4064226042870dbc53175fbf261f982d055fa2952163a8b7608781ea58314a17bb6a2cd6815af4f1
  languageName: node
  linkType: hard

"base64-js@npm:^1.3.0, base64-js@npm:^1.3.1":
  version: 1.5.1
  resolution: "base64-js@npm:1.5.1"
  checksum: fbd7996978cfe0dd378103fa8999e4acee99b8840d49f452457fa8cb418bad4c20ec9ef6b196a0dc63591f0416a4b8c8d220607292cdaf3998b88685bc0f6c14
  languageName: node
  linkType: hard

"big.js@npm:^6.0.0":
  version: 6.2.1
  resolution: "big.js@npm:6.2.1"
  checksum: 22f648b008556e3c00fa2b3d00d2d3b633c6850d139c87bbe4ccd2d0a6dfd0c76abc5443f0e9f05e3ed60f79aa95ebe0dc2311c51131529652b775a46e3358dd
  languageName: node
  linkType: hard

"bignumber.js@npm:^9.0.0":
  version: 9.1.1
  resolution: "bignumber.js@npm:9.1.1"
  checksum: e44d00804916c299d01e1a83b435111dbced54c6f165df4a0034a8a0a27182d6698f93f408ec804b3ae80896fd6ad8ad43f37939883dc03ecd04a125742f1483
  languageName: node
  linkType: hard

"buffer-equal-constant-time@npm:1.0.1":
  version: 1.0.1
  resolution: "buffer-equal-constant-time@npm:1.0.1"
  checksum: a332947bb8535207d934b3a3f94528669631dc590bed11041f067c4b6400eb96fbf7a2a14a43a88d0ba96af45c35b5f74101e3e42292c40eb57044cff57101dc
  languageName: node
  linkType: hard

"buffer@npm:^6.0.3":
  version: 6.0.3
  resolution: "buffer@npm:6.0.3"
  dependencies:
    base64-js: "npm:^1.3.1"
    ieee754: "npm:^1.2.1"
  checksum: 8384c4bf1042f6e927d650af0053c54e57734c195f29152921aaa9c6976208e7210ec9202b8cbdac27782e1955497cde631ac9566122ad67062ddc1a04a886c9
  languageName: node
  linkType: hard

"call-bind@npm:^1.0.0":
  version: 1.0.2
  resolution: "call-bind@npm:1.0.2"
  dependencies:
    function-bind: "npm:^1.1.1"
    get-intrinsic: "npm:^1.0.2"
  checksum: 6fccea8a00310bf2e2b2a07aca0eddbdcd5de2eec9dfe880c1c8b0b7fd3c6809bf28aab0209aa530a35a2fba48587733521df7f83f8d5354047afed78b69a36b
  languageName: node
  linkType: hard

"camel-case@npm:^4.1.2":
  version: 4.1.2
  resolution: "camel-case@npm:4.1.2"
  dependencies:
    pascal-case: "npm:^3.1.2"
    tslib: "npm:^2.0.3"
  checksum: 825dd52d9138ece5360a71384722a5f3438ba5df9008470e12b1692b04f4de69c09164fb92ea54bc5ef5716ed6fc14732e0f39d2aad8925c3ea28a71bd2ecc3a
  languageName: node
  linkType: hard

"capital-case@npm:^1.0.4":
  version: 1.0.4
  resolution: "capital-case@npm:1.0.4"
  dependencies:
    no-case: "npm:^3.0.4"
    tslib: "npm:^2.0.3"
    upper-case-first: "npm:^2.0.2"
  checksum: 913c04c48763e2d9e38ffb9b08e2b8a22824eb8a5882e35924db857694b022c3d23496962919b25cf8577fe1151657b32937b7ef2d086e7997b162219cefc16f
  languageName: node
  linkType: hard

"change-case@npm:^4.1.2":
  version: 4.1.2
  resolution: "change-case@npm:4.1.2"
  dependencies:
    camel-case: "npm:^4.1.2"
    capital-case: "npm:^1.0.4"
    constant-case: "npm:^3.0.4"
    dot-case: "npm:^3.0.4"
    header-case: "npm:^2.0.4"
    no-case: "npm:^3.0.4"
    param-case: "npm:^3.0.4"
    pascal-case: "npm:^3.1.2"
    path-case: "npm:^3.0.4"
    sentence-case: "npm:^3.0.4"
    snake-case: "npm:^3.0.4"
    tslib: "npm:^2.0.3"
  checksum: 7e6bc68c5961de7742a7a7e3f13c53031912c0911c7a2d59d6c8a1a8e5f3e47655ea3ccb402d6843c99c0fd219d2913f7d823df05367e0ac6efb65dcbb21ade0
  languageName: node
  linkType: hard

"codsen-utils@npm:^1.2.0":
  version: 1.2.0
  resolution: "codsen-utils@npm:1.2.0"
  checksum: 58c027f7e5dcaf96dd81deb552f8328e082cf934bda06387e317b56efaae331d7a724045838e4ec018461c42470cb24e9b6b47d182c1b3cc5b1e7b5c65ff071f
  languageName: node
  linkType: hard

"color-convert@npm:^1.9.3":
  version: 1.9.3
  resolution: "color-convert@npm:1.9.3"
  dependencies:
    color-name: "npm:1.1.3"
  checksum: 42f852d574dc58609bba286cd7d10a407e213e20515c0d5d1dd8059b3d4373cd76d1057c3a242f441f2dfc6667badeb790a792662082c8038889c9235f4cd9fa
  languageName: node
  linkType: hard

"color-name@npm:1.1.3":
  version: 1.1.3
  resolution: "color-name@npm:1.1.3"
  checksum: b7313c98fd745336a5e1d64921591bcd60e4e0b3894afb56286a4793c4fd304d4a38b00b514845381215ca5ed2994be05d2e1a5a80860b996d26f5f285c77dda
  languageName: node
  linkType: hard

"color-name@npm:^1.0.0":
  version: 1.1.4
  resolution: "color-name@npm:1.1.4"
  checksum: 80acf64638343898f5b36825f4c9715ced380e738400b308f3f90ca2327f2f98f0c2cfb1f1a6447f267a2e1d1ea2214f26e948d8acab547e5478e2b0816c7c30
  languageName: node
  linkType: hard

"color-string@npm:^1.6.0":
  version: 1.9.1
  resolution: "color-string@npm:1.9.1"
  dependencies:
    color-name: "npm:^1.0.0"
    simple-swizzle: "npm:^0.2.2"
  checksum: cf76db4143e9d375401d56831ec6bffdfff17aa90276a41dcbdb1723fd7242b2cb6ed2058901544af5823fdf152cdea02eda8546cdd3fe96d4a6a16920166902
  languageName: node
  linkType: hard

"color@npm:^3.1.3":
  version: 3.2.1
  resolution: "color@npm:3.2.1"
  dependencies:
    color-convert: "npm:^1.9.3"
    color-string: "npm:^1.6.0"
  checksum: 480f06a09a02d40fba097b8a88616f449929e8ba33efbfba2838805e8742effcc0b89c7d223fcf2a2964961ac782d7ea6edc3a26adddc564a3ae768edc48b77c
  languageName: node
  linkType: hard

"colorspace@npm:1.1.x":
  version: 1.1.4
  resolution: "colorspace@npm:1.1.4"
  dependencies:
    color: "npm:^3.1.3"
    text-hex: "npm:1.0.x"
  checksum: 97577bbe4b3039775ad70979bddbc23cc5714406fdaa622d108e7994a32c69f18f32a15511a5708afa3e3c10e93d667abd0ce3a8e7c51e44566d1b2975a00b4d
  languageName: node
  linkType: hard

"combined-stream@npm:^1.0.8":
  version: 1.0.8
  resolution: "combined-stream@npm:1.0.8"
  dependencies:
    delayed-stream: "npm:~1.0.0"
  checksum: c3224efc798a4f2066ff2f65c28d60b48ec73b38bf76331ecc61814875cc5c8a93beccc268ca08aaa98a141c262de5787d68685b6682b8b67ad2dadb8bd2ddd2
  languageName: node
  linkType: hard

"constant-case@npm:^3.0.4":
  version: 3.0.4
  resolution: "constant-case@npm:3.0.4"
  dependencies:
    no-case: "npm:^3.0.4"
    tslib: "npm:^2.0.3"
    upper-case: "npm:^2.0.2"
  checksum: 2a4d10cc736f8f6c2dd6f42e009f2fbb722f852bdcab447c221d4871cf67ceb329f11c551f85059d6415ff06fdf59447987d5df68b91630daa4e8f54302e3288
  languageName: node
  linkType: hard

"debug@npm:4, debug@npm:^4.1.1":
  version: 4.3.4
  resolution: "debug@npm:4.3.4"
  dependencies:
    ms: "npm:2.1.2"
  peerDependenciesMeta:
    supports-color:
      optional: true
  checksum: ab50d98b6f2a0e803379e8f789017f4215efd0e085774623e462c691e9f99bfd359a35f7424ff401da3ea58b31f89ceebc9ea35779b4a94f78b0ee3e235b6640
  languageName: node
  linkType: hard

"delayed-stream@npm:~1.0.0":
  version: 1.0.0
  resolution: "delayed-stream@npm:1.0.0"
  checksum: 22f11ed342773dbc427e84d5a972e5c67fc34a44bf80eead5a41d8697c9303ae32991e568921cbd82553deeb1b33f3d6ecc148bf0efe3789589c8cb7b0e1a53a
  languageName: node
  linkType: hard

"dot-case@npm:^3.0.4":
  version: 3.0.4
  resolution: "dot-case@npm:3.0.4"
  dependencies:
    no-case: "npm:^3.0.4"
    tslib: "npm:^2.0.3"
  checksum: 951f9f8423106c57ba5f078e5d81cf810a94d20b16e50ea26369942b634bb30789677756a267320907b250b8c0432b598da719ade592c727968bb1f8cfefa8c6
  languageName: node
  linkType: hard

"duplexify@npm:^4.0.0, duplexify@npm:^4.1.1":
  version: 4.1.2
  resolution: "duplexify@npm:4.1.2"
  dependencies:
    end-of-stream: "npm:^1.4.1"
    inherits: "npm:^2.0.3"
    readable-stream: "npm:^3.1.1"
    stream-shift: "npm:^1.0.0"
  checksum: a06fa1a41c0034524b37437c83598bd7261187298369202928f24f66ff46b6ba0e134e475488c019a8d37e04332b22fd3708c6ea852d2a57ea0ebd488c880712
  languageName: node
  linkType: hard

"ecdsa-sig-formatter@npm:1.0.11, ecdsa-sig-formatter@npm:^1.0.11":
  version: 1.0.11
  resolution: "ecdsa-sig-formatter@npm:1.0.11"
  dependencies:
    safe-buffer: "npm:^5.0.1"
  checksum: 71a935b306ac9b3ad23233e629f78bea91f4272a0a89d1508b1dfc0bfa2cc6388d10d835ce410b861119497a29bc97bd1ab89fc7b65a3d97fdb15205fac94161
  languageName: node
  linkType: hard

"enabled@npm:2.0.x":
  version: 2.0.0
  resolution: "enabled@npm:2.0.0"
  checksum: 722182ea7481286907a44024bd84ed5f063cc5a3f9ccf143b3456dbbfb31e49fc81ce6bf9c44026a23b2a411999c39c4402c10540a72497d2db96c120f8ee77b
  languageName: node
  linkType: hard

"end-of-stream@npm:^1.4.1":
  version: 1.4.4
  resolution: "end-of-stream@npm:1.4.4"
  dependencies:
    once: "npm:^1.4.0"
  checksum: fa73674a01c2e7a3e17c801cb916c1e0c77f2cc719a42cee1bb3ce3550b9425369e4d0a2b2ce6670cb8eff07d34e67333949c83a30e7ec94625cec68aa07664e
  languageName: node
  linkType: hard

"ent@npm:^2.2.0":
  version: 2.2.0
  resolution: "ent@npm:2.2.0"
  checksum: 05beaeb394bf00037fcd8d2e5b7c049b887b0eb82fc00f12346ebedfecdbfb12d81705ee218ace1019d7b9a9c8db3a813e45d6798a04f3115fe71410c6945259
  languageName: node
  linkType: hard

"event-target-shim@npm:^5.0.0":
  version: 5.0.1
  resolution: "event-target-shim@npm:5.0.1"
  checksum: 9bac81ec63b29e184fe5d10a8ea09a2957f39dc109a6f594c5e095beae88bf64c63b061ebb867fe883832ca4a8daefda8a92ed55a4f460cedbef25e574fb4466
  languageName: node
  linkType: hard

"eventemitter3@npm:^5.0.0":
  version: 5.0.0
  resolution: "eventemitter3@npm:5.0.0"
  checksum: 9be8c6865aacea20dd1fc729a7979f710563174061c059cd1a5b8b20ce63f2dd8daf8eb666f8515e48efb11b85ed203731a4b3f692d62344917817c2b8e7543b
  languageName: node
  linkType: hard

"events@npm:^3.3.0":
  version: 3.3.0
  resolution: "events@npm:3.3.0"
  checksum: ef0af671f7bdc20f14274c77925c3e47a4df7991563ee1827dff577f66a9ed1a5b63d9adab8bc5949a16a1341883abdaf9df7a1841f8d5d2fc65ab4f5570b32b
  languageName: node
  linkType: hard

"extend@npm:^3.0.2":
  version: 3.0.2
  resolution: "extend@npm:3.0.2"
  checksum: 312babdc3cfd8d5d003b109f02b8b639e8bdf2262f2f06acebfc3c991d8c004b73c2c10eaaaab00cfb2fb2a760845006806af10945b279d9390eed064505dfdb
  languageName: node
  linkType: hard

"fast-text-encoding@npm:^1.0.0":
  version: 1.0.6
  resolution: "fast-text-encoding@npm:1.0.6"
  checksum: c68f3c9579f9affb0423ce31480119a9bcee27dbfea1b2d948195b3449e424815f6f8bc44883da80fdc2f120bf935c53f288d12ed23b3a4615ee5aed4ea2eaaa
  languageName: node
  linkType: hard

"fecha@npm:^4.2.0":
  version: 4.2.3
  resolution: "fecha@npm:4.2.3"
  checksum: e3764f1c8738b9b261a5dd515f70f4a7c4802f1239c6f075f0ab9990e36b1dfbb0610b0fa81cd9f95afe11a9e687e3c231fd1e368d918ac35cce2f5b0739005e
  languageName: node
  linkType: hard

"fn.name@npm:1.x.x":
  version: 1.1.0
  resolution: "fn.name@npm:1.1.0"
  checksum: 54a27208733c14b3bae6118a6cdb6aa03b108f53491dd95fd956f31f2715ce977f48805c473fd0fdc0f93c15e8ffb7f5eaf36a953f781c21450221a2536fa2e7
  languageName: node
  linkType: hard

"form-data@npm:^3.0.0":
  version: 3.0.1
  resolution: "form-data@npm:3.0.1"
  dependencies:
    asynckit: "npm:^0.4.0"
    combined-stream: "npm:^1.0.8"
    mime-types: "npm:^2.1.12"
  checksum: 4ca2af6f04d3e3914b6ed8e5ea256da66c883bc2ae64651929f5eb842a47b6461fa51cd19c2a1d5ede09f5117593f2622814c34f8e0ac4869b91a4815c401753
  languageName: node
  linkType: hard

"form-data@npm:^4.0.0":
  version: 4.0.0
  resolution: "form-data@npm:4.0.0"
  dependencies:
    asynckit: "npm:^0.4.0"
    combined-stream: "npm:^1.0.8"
    mime-types: "npm:^2.1.12"
  checksum: de37c5684d843842d2cc2bc44a975d9fecdf1df30d061c90b62fc0caeeeeb45794bceaba7aa52ee5eae8ede01ba44215b26c58f41cf64271c513787b7241fce4
  languageName: node
  linkType: hard

"fs@npm:^0.0.1-security":
  version: 0.0.1-security
  resolution: "fs@npm:0.0.1-security"
  checksum: 0bb4dbc28772183fed666a8822959607ef515995a01362c8f7204594478a138edd2834ac908fd2745d21a07611a3e5fdd751f822ad38b4166c035011d72b06a7
  languageName: node
  linkType: hard

"function-bind@npm:^1.1.1":
  version: 1.1.1
  resolution: "function-bind@npm:1.1.1"
  checksum: 8a644b8118679030cb3aeb783b024a9ee358b15c5780bdb49fe5d482f6df54672bda860e19bce87d756a5e165740caaa96f5e8487fa98933c327f631e23a5490
  languageName: node
  linkType: hard

"gaxios@npm:^5.0.0, gaxios@npm:^5.0.1":
  version: 5.0.2
  resolution: "gaxios@npm:5.0.2"
  dependencies:
    extend: "npm:^3.0.2"
    https-proxy-agent: "npm:^5.0.0"
    is-stream: "npm:^2.0.0"
    node-fetch: "npm:^2.6.7"
  checksum: f1c34eeae437ae319363db050484292b4f77aa409266e269c85668b8f29dddd086e92ea5134d9f4531aa3d88533ab7aded2443d9861ed33d39038c01898d0fc2
  languageName: node
  linkType: hard

"gcp-metadata@npm:^5.0.0":
  version: 5.2.0
  resolution: "gcp-metadata@npm:5.2.0"
  dependencies:
    gaxios: "npm:^5.0.0"
    json-bigint: "npm:^1.0.0"
  checksum: bffa1833bab533b456b4cdd2871657836323e44cec1da25d994c25cdc1f3fcebdb1fd32e66ba4ccac915bd8b2178eb535992362a128df08255c4e1ee1f095756
  languageName: node
  linkType: hard

"get-intrinsic@npm:^1.0.2":
  version: 1.2.0
  resolution: "get-intrinsic@npm:1.2.0"
  dependencies:
    function-bind: "npm:^1.1.1"
    has: "npm:^1.0.3"
    has-symbols: "npm:^1.0.3"
  checksum: 6db1e521478d0a0f4e61c94c23e7a731b163d2904067b1b6efcac78e8b015404883dab4acb5570517df55aab6eb23eeef6a8d7310de76d9570fcbce4a3f80b18
  languageName: node
  linkType: hard

"google-auth-library@npm:^8.0.2":
  version: 8.7.0
  resolution: "google-auth-library@npm:8.7.0"
  dependencies:
    arrify: "npm:^2.0.0"
    base64-js: "npm:^1.3.0"
    ecdsa-sig-formatter: "npm:^1.0.11"
    fast-text-encoding: "npm:^1.0.0"
    gaxios: "npm:^5.0.0"
    gcp-metadata: "npm:^5.0.0"
    gtoken: "npm:^6.1.0"
    jws: "npm:^4.0.0"
    lru-cache: "npm:^6.0.0"
  checksum: 2da7227065a509f41145c90f365a979c9fb07487da984bdb2b1ead975decff3ae1779d9e35fe6ee581d2d1b01c8ec3e60e80e14bb04b9f0191b1323e002cf231
  languageName: node
  linkType: hard

"google-p12-pem@npm:^4.0.0":
  version: 4.0.1
  resolution: "google-p12-pem@npm:4.0.1"
  dependencies:
    node-forge: "npm:^1.3.1"
  bin:
    gp12-pem: build/src/bin/gp12-pem.js
  checksum: fc898f639a11f32dc9a214e481d041499c358bed60ca5b978128fa521b0bd487d2600f1e4e91d6111168d9731c1fc1dbd98d944d8b290ddfe9f44b3090bb6465
  languageName: node
  linkType: hard

"gtoken@npm:^6.1.0":
  version: 6.1.2
  resolution: "gtoken@npm:6.1.2"
  dependencies:
    gaxios: "npm:^5.0.1"
    google-p12-pem: "npm:^4.0.0"
    jws: "npm:^4.0.0"
  checksum: ed8dc10a6fd5e7f16b2c1d6d9e5ab7e219a6b55fc23e999a980865c3036e99c926b35bed1968bc3dbcb9e6ee874bedf5d6e115d958e99b47f5e768a6331845a9
  languageName: node
  linkType: hard

"has-symbols@npm:^1.0.3":
  version: 1.0.3
  resolution: "has-symbols@npm:1.0.3"
  checksum: 2d0abb3382da2945b1b8d9a4afebc8a0770fe07198e727b4fbd7f616c70796f040bf2bd8d6db47e0c590507812a2680594fc77f871238289f6c7870318cf62c9
  languageName: node
  linkType: hard

"has@npm:^1.0.3":
  version: 1.0.3
  resolution: "has@npm:1.0.3"
  dependencies:
    function-bind: "npm:^1.1.1"
  checksum: 3e8c4d87ccd9c160d61a5db829b5fb647acac79e482476c857d5d1dc580517c6a77cf84337808f28361f6263008ce1ce5aff44407bd9241af93c623ef8d8d4f1
  languageName: node
  linkType: hard

"header-case@npm:^2.0.4":
  version: 2.0.4
  resolution: "header-case@npm:2.0.4"
  dependencies:
    capital-case: "npm:^1.0.4"
    tslib: "npm:^2.0.3"
  checksum: 401cbd54796cf233983d5da9c8fbfb49a4bc8dc60e7ea3e81ef06f8084614c5f41220048d6b623314de344beac3a11f2c8e2594b093c5abc115bf2453be54c4f
  languageName: node
  linkType: hard

"html-entities@npm:^2.3.3":
  version: 2.3.3
  resolution: "html-entities@npm:2.3.3"
  checksum: cad32c60fce7137f0b3aefc30ba3b0438d6881299230f5a40aec720829ff00d2277ac5f9be4701615d3484c5cfd8260681c6b8f7947021bda294650f38c65e9f
  languageName: node
  linkType: hard

"http-proxy-agent@npm:^5.0.0":
  version: 5.0.0
  resolution: "http-proxy-agent@npm:5.0.0"
  dependencies:
    "@tootallnate/once": "npm:2"
    agent-base: "npm:6"
    debug: "npm:4"
  checksum: b59a9b4bdd7c1d3450956a2974cb7b685517c758853a873064a536f5a831879ac92a28c717f69eb60ff3c924b262cb5aaf80cf62f5c2c24d1129d2b8dadf1e7c
  languageName: node
  linkType: hard

"https-proxy-agent@npm:^5.0.0":
  version: 5.0.1
  resolution: "https-proxy-agent@npm:5.0.1"
  dependencies:
    agent-base: "npm:6"
    debug: "npm:4"
  checksum: 8e767faec977400c31bca2ef0f5338b843b781b63fd985c00d199adac2d6c8a5ecc6e553588a6821a058198960f167a3c83f014bd64bef9a15b176d992d29dfe
  languageName: node
  linkType: hard

"ieee754@npm:^1.2.1":
  version: 1.2.1
  resolution: "ieee754@npm:1.2.1"
  checksum: b39fbc42879544ab1989f8ff439a3f3545d7c244a07f24607c4223291ba82ce95964a7b7fde24010ba899937046c4dfe01398c8f8bbddb53f9e562c29f18f615
  languageName: node
  linkType: hard

"inherits@npm:^2.0.3":
  version: 2.0.4
  resolution: "inherits@npm:2.0.4"
  checksum: ca76c7e45ec715bfe6c1dd67b780b9a15068f37b37ab56cf8b773537b2654238469a42950f5f4d301212755e7512be888f627752e778e1863d95cfedefc8b8bd
  languageName: node
  linkType: hard

"is-arrayish@npm:^0.3.1":
  version: 0.3.2
  resolution: "is-arrayish@npm:0.3.2"
  checksum: aed0a701c526d97138e196db5e445da84fea5b649e9466c1d592d2fa7a2a12aa37acb03ca313c38341787dcec5c45b20559bb2abc101dad585d82227e6bc5480
  languageName: node
  linkType: hard

"is-stream@npm:^2.0.0":
  version: 2.0.1
  resolution: "is-stream@npm:2.0.1"
  checksum: 763e33689433924775b560e63fb7c0f7fae6cbc54fd9c410bb3536341b96fca85ce26720ba13ffb9b46446bdf540308771fe5910462b47b1e7d4c42dbd230f46
  languageName: node
  linkType: hard

"is@npm:^3.3.0":
  version: 3.3.0
  resolution: "is@npm:3.3.0"
  checksum: fb579b018b3fd45172326b14e21e9ca8afa31e41db8dd00bf8bddce9845aa6e29c0a80b7e3997dee4bda78bc3334aae52e307a1c870ab766185cd30d3d4db493
  languageName: node
  linkType: hard

"isomorphic-ws@npm:^5.0.0":
  version: 5.0.0
  resolution: "isomorphic-ws@npm:5.0.0"
  peerDependencies:
    ws: "*"
  checksum: 4c07f7c2fc49e6157adaf8c1563ec135796c66730f119243fec5e0ddb904ab3a9089aefe6a8f70fa6d349ad9585c4b9a5dbdb3147671825fba7b4a5322f9fc99
  languageName: node
  linkType: hard

"json-bigint@npm:^1.0.0":
  version: 1.0.0
  resolution: "json-bigint@npm:1.0.0"
  dependencies:
    bignumber.js: "npm:^9.0.0"
  checksum: 6e40674d13a63ea28017694c6a8cd17953be9cdba4a3b3a3d8bdb4ef3229dc0307b278a2a301b9533b6d1ac60609361e2d3bb08436a7d5d04184af23938b617e
  languageName: node
  linkType: hard

"jwa@npm:^2.0.0":
  version: 2.0.0
  resolution: "jwa@npm:2.0.0"
  dependencies:
    buffer-equal-constant-time: "npm:1.0.1"
    ecdsa-sig-formatter: "npm:1.0.11"
    safe-buffer: "npm:^5.0.1"
  checksum: 388bebe6a3c30494691afcb9518344cf7e1afa59721bb84fdeaf69648031db98b7fcc78de943fcadc2f489d443fa3b4e83ddfa4d4007528cd10177c0955af9a2
  languageName: node
  linkType: hard

"jws@npm:^4.0.0":
  version: 4.0.0
  resolution: "jws@npm:4.0.0"
  dependencies:
    jwa: "npm:^2.0.0"
    safe-buffer: "npm:^5.0.1"
  checksum: 5d05639d4f22ff1d4529119fbf1015e67e8b470b7dad0e463e9f257bb35a83be1c39a1125a164a11637362bb396c3acd14b96444531f0257010d1cbecb1ad78f
  languageName: node
  linkType: hard

"kuler@npm:^2.0.0":
  version: 2.0.0
  resolution: "kuler@npm:2.0.0"
  checksum: a3c55e149703e317718ded3d9eb3eaafd6ada006899feb0fabe076904a687f7b84af63532e372ce18b408fc96683b2b4eaa05f67fd93c588e752a486ff43a3ca
  languageName: node
  linkType: hard

"lodash.clonedeep@npm:^4.5.0":
  version: 4.5.0
  resolution: "lodash.clonedeep@npm:4.5.0"
  checksum: 0c14df1824c21e8387a8ee586a8f6bddf5c4592ab9eb20950d1bb6beac5a6d64fe48091da904152155da66a8e0b141ce3064fad2d4bd26634906a17118264286
  languageName: node
  linkType: hard

"lodash.trim@npm:^4.5.1":
  version: 4.5.1
  resolution: "lodash.trim@npm:4.5.1"
  checksum: 9d4b1300d14f42e34393d6ea2f103fc14a35ef57691dc11dd2e727f09cc0e3af60a6893050c26d03270da1192c2d1dbf03380d9da7eb06dc3876e78673eab155
  languageName: node
  linkType: hard

"lodash.without@npm:^4.4.0":
  version: 4.4.0
  resolution: "lodash.without@npm:4.4.0"
  checksum: 2f9f58821917c6464a91ca80d5e2c034b4b3c950afc4f839bf9554eeeccccc2002acc3d07055cb04392b05697d6eb81f7f0a2a7731056e0c95b2845fea60d5ae
  languageName: node
  linkType: hard

"logform@npm:^2.3.2, logform@npm:^2.4.0":
  version: 2.5.1
  resolution: "logform@npm:2.5.1"
  dependencies:
    "@colors/colors": "npm:1.5.0"
    "@types/triple-beam": "npm:^1.3.2"
    fecha: "npm:^4.2.0"
    ms: "npm:^2.1.1"
    safe-stable-stringify: "npm:^2.3.1"
    triple-beam: "npm:^1.3.0"
  checksum: dbcb67e42fc45e7e5b15850492066fa11712993466a6fe1c456893cb212a61f1aa1ced5aa9e99382ec1f433939b27bf048ffa50b0a97778db9c0e0e809dce599
  languageName: node
  linkType: hard

"lower-case@npm:^2.0.2":
  version: 2.0.2
  resolution: "lower-case@npm:2.0.2"
  dependencies:
    tslib: "npm:^2.0.3"
  checksum: 2da56ea650669ee9d2427ba349867da18b4cf0190be2fb2b0f8adaa28cffd27bbf4e39b41a619bf653906a584b84c7df606b7f727d3048a8056e4e419407b3e5
  languageName: node
  linkType: hard

"lru-cache@npm:^6.0.0":
  version: 6.0.0
  resolution: "lru-cache@npm:6.0.0"
  dependencies:
    yallist: "npm:^4.0.0"
  checksum: b2d72088dd27df27189607554990b0fd31d3fbd4037df909ef66f48a14122baf8ffce7f33edc17e6543ea7cd71fa561136518355dde2ad57676fa0b2ea53b85f
  languageName: node
  linkType: hard

"masto@npm:^5.10.0":
  version: 5.10.0
  resolution: "masto@npm:5.10.0"
  dependencies:
    "@mastojs/ponyfills": "npm:^1.0.4"
    change-case: "npm:^4.1.2"
    eventemitter3: "npm:^5.0.0"
    isomorphic-ws: "npm:^5.0.0"
    qs: "npm:^6.11.0"
    semver: "npm:^7.3.7"
    ws: "npm:^8.12.0"
  checksum: 95a0878df990734d169076cc5e0f8b54f118bc94c5f9bea8c071affbfd905ffb2159949191c485acda444797b2ff9a09f5c5fa36c4ba8a1a7a85cbb89a2d987d
  languageName: node
  linkType: hard

"mime-db@npm:1.52.0":
  version: 1.52.0
  resolution: "mime-db@npm:1.52.0"
  checksum: 95baf687a3f14ff2cc433e30dea5c4931c7f4b67059d44a0098cfb833858cad63ec13c20f98762bddd088c4e9dac6d95862db1ea9d3fe3fa68f57b69a325000d
  languageName: node
  linkType: hard

"mime-types@npm:^2.1.12":
  version: 2.1.35
  resolution: "mime-types@npm:2.1.35"
  dependencies:
    mime-db: "npm:1.52.0"
  checksum: 51e3b38d1b1b83da082f7c29042bcb22036101346394696b7643ef5da27ebf6bf71643bd45225ee75e4ea2836213780efc8c3dcd2055c84b49eb0afc061419d0
  languageName: node
  linkType: hard

"moment@npm:^2.29.4":
  version: 2.29.4
  resolution: "moment@npm:2.29.4"
  checksum: d275537a30f155cae7f53f6e6d164ccb59b560935f3c6ed0f4a2e6f3503063b491ffa6b4f7e7207501f6fcab92a2d0bb78ed539cde33cadcb91df6b254f7328d
  languageName: node
  linkType: hard

"ms@npm:2.1.2":
  version: 2.1.2
  resolution: "ms@npm:2.1.2"
  checksum: 3f46af60a08158f1c77746c06c2f6c7aba7feddafd41335f9baa2d7e0741d7539774aa7d5d1661a7f2b7eed55a7063771297eea016051924dbb04d4c2bf40bcb
  languageName: node
  linkType: hard

"ms@npm:^2.1.1":
  version: 2.1.3
  resolution: "ms@npm:2.1.3"
  checksum: 78c12f6b473a022ebacc393fc14b76fe40b8feda7218124b86c4684e440e10377a063bec1d3902df1f74714f02b74b36ad7d3a6de9e2fbffa26fc29e5ce018fc
  languageName: node
  linkType: hard

"no-case@npm:^3.0.4":
  version: 3.0.4
  resolution: "no-case@npm:3.0.4"
  dependencies:
    lower-case: "npm:^2.0.2"
    tslib: "npm:^2.0.3"
  checksum: 862a2115a3eb27b2293be320faf1408cb0ee75a1da41a463463f53bfeb34f20c89805279fc2c6123b79c3d366f9e445cfcb8e0582611e2bd6712fa8edfaabbda
  languageName: node
  linkType: hard

"node-fetch@npm:^2.6.1, node-fetch@npm:^2.6.7":
  version: 2.6.9
  resolution: "node-fetch@npm:2.6.9"
  dependencies:
    whatwg-url: "npm:^5.0.0"
  peerDependencies:
    encoding: ^0.1.0
  peerDependenciesMeta:
    encoding:
      optional: true
  checksum: 8457cf62f599e9d55b01d58f87ed2110c65f83c4fcce8be0e350909995384e96a55e2b810d0e1a67a1fbe7f9930cd0998146d2dcce4843f9ed3ac0b479bd5c64
  languageName: node
  linkType: hard

"node-forge@npm:^1.3.1":
  version: 1.3.1
  resolution: "node-forge@npm:1.3.1"
  checksum: 3c81a83283b7b7992c37a689c7070e79da5013dbf9c5c5bdc829d61934a0050d748293dea462de96aa353f6e5989e46fb9070413de6da079663987a8d5892956
  languageName: node
  linkType: hard

"object-inspect@npm:^1.9.0":
  version: 1.12.3
  resolution: "object-inspect@npm:1.12.3"
  checksum: 052c374ab0a4c85201480374c1039dddac0aaa8ef0fcbe1b04026f4c832c5632db6cb63617d6403b2b9dca08d4302d781aeb6c4d0260de4a84118ecaf1b5ebda
  languageName: node
  linkType: hard

"once@npm:^1.4.0":
  version: 1.4.0
  resolution: "once@npm:1.4.0"
  dependencies:
    wrappy: "npm:1"
  checksum: 12d5c6ece331855387577e71c96ab5b60269390b131cf9403494206274fa520221c88f8b8d431d7227d080127730460da8907c402ab4142e592c34aacb5c9817
  languageName: node
  linkType: hard

"one-time@npm:^1.0.0":
  version: 1.0.0
  resolution: "one-time@npm:1.0.0"
  dependencies:
    fn.name: "npm:1.x.x"
  checksum: 6edebb11434f4a7bb7cc86fee314b26e222c9a15f0e714c9cbbc3ed1fe096c50af8a7cf6d1c64ab8ba086cca7b360b738d96799a544caa28d6c174abc796480b
  languageName: node
  linkType: hard

"p-event@npm:^4.1.0":
  version: 4.2.0
  resolution: "p-event@npm:4.2.0"
  dependencies:
    p-timeout: "npm:^3.1.0"
  checksum: d84171a48889b0ed09ab55e368f20eb690343ee1910a26901d79179bc6e47e85d66d0700b7ae0be8d7d719e9380b77c7a19711a5f254d22887ab8ade56fdf1eb
  languageName: node
  linkType: hard

"p-finally@npm:^1.0.0":
  version: 1.0.0
  resolution: "p-finally@npm:1.0.0"
  checksum: e3452db75cacc60e8b834a905e38f3cd9dc21e76e471efcde8a36ea04ec6fc507f6b5f74cbd7252d8c9317846127084831f89318e476ca0023d4ab223f3e146b
  languageName: node
  linkType: hard

"p-timeout@npm:^3.1.0":
  version: 3.2.0
  resolution: "p-timeout@npm:3.2.0"
  dependencies:
    p-finally: "npm:^1.0.0"
  checksum: 350fc15deef1aede66e4dc81b4ed92a0383108162b2528253850d1cf28f2e6847d4834c03bdc7e7143d106e569936495751ba52a521a82476b346cdd748293d3
  languageName: node
  linkType: hard

"param-case@npm:^3.0.4":
  version: 3.0.4
  resolution: "param-case@npm:3.0.4"
  dependencies:
    dot-case: "npm:^3.0.4"
    tslib: "npm:^2.0.3"
  checksum: eab62423d2e4fafd0f6dc54d3639dda7a6437bf084d16549bf4df62a7cb972b588cd01ed47511d4fae2165e87f510396edd0fa32935e61d8bc984319a839a9ff
  languageName: node
  linkType: hard

"pascal-case@npm:^3.1.2":
  version: 3.1.2
  resolution: "pascal-case@npm:3.1.2"
  dependencies:
    no-case: "npm:^3.0.4"
    tslib: "npm:^2.0.3"
  checksum: 1d34b5460567fdbdb0d028bb95faaf10e7eeaa4c013922d2654bea50ce75f51a6e42b502d3257de5136ec8b80eebc395a8d2dda466d452b472a3ced16073567a
  languageName: node
  linkType: hard

"path-case@npm:^3.0.4":
  version: 3.0.4
  resolution: "path-case@npm:3.0.4"
  dependencies:
    dot-case: "npm:^3.0.4"
    tslib: "npm:^2.0.3"
  checksum: b150b466fc8cf5b90e5afbbe04da72fc8a48061c4132d9df67067501f70e035842a4838950b61b518797d185083d1a5bb6dad01bc376bbbe08a68531d075fc61
  languageName: node
  linkType: hard

"process@npm:^0.11.10":
  version: 0.11.10
  resolution: "process@npm:0.11.10"
  checksum: e21687b0b8fe1c6812ea43858aa5c1234e05dc6b2c366b280c850fd09d644100cbcf2f3784feec4bc6f57002a465e7eea2901acf1462ffc94ba9ac98f105ede5
  languageName: node
  linkType: hard

"qs@npm:^6.11.0":
  version: 6.11.0
  resolution: "qs@npm:6.11.0"
  dependencies:
    side-channel: "npm:^1.0.4"
  checksum: 337966e2e957a7d2a69821c528f3d18a8b346ddb0f16cc08d11c6206aed3b6624927781ff437aa3909e54ad32ebdee2c5396ad4094b1c722760774f7082f6124
  languageName: node
  linkType: hard

"ranges-apply@npm:^7.0.5":
  version: 7.0.5
  resolution: "ranges-apply@npm:7.0.5"
  dependencies:
    ranges-merge: "npm:^9.0.5"
    tiny-invariant: "npm:^1.3.1"
  checksum: a0ac1caf9fdc5fa011e57caee15c4de199ea563c98b064139435d614ca3b87a28f5e1de60be0bf426d0f0c7f8dbaa0d0f3af640ec9d3873a4e3362d073abeac6
  languageName: node
  linkType: hard

"ranges-merge@npm:^9.0.5":
  version: 9.0.5
  resolution: "ranges-merge@npm:9.0.5"
  dependencies:
    ranges-push: "npm:^7.0.5"
    ranges-sort: "npm:^6.0.5"
  checksum: 0fe49ac7aa84e07bc748ea2a984f120b2bdc2c0a2b0dc7bcfe3e878715009ebf7ac59ab203e3a2bf15f2f1fa4279f1ec9288d41084d244b42aa0048a27b3038b
  languageName: node
  linkType: hard

"ranges-push@npm:^7.0.5":
  version: 7.0.5
  resolution: "ranges-push@npm:7.0.5"
  dependencies:
    string-collapse-leading-whitespace: "npm:^7.0.3"
    string-trim-spaces-only: "npm:^5.0.5"
  checksum: 138deb8b3d0028aa7b74e7edc652dec4507d7c7263343a3f9af96e22dea6704ecd184b5ef26057c940a28472d648d68cff0cf8d4788dcde519b95ebdb3b7d810
  languageName: node
  linkType: hard

"ranges-sort@npm:^6.0.5":
  version: 6.0.5
  resolution: "ranges-sort@npm:6.0.5"
  checksum: 7a0b2a07aa77451ea7e3ba4c5312ce0d485c82bc8029a5418d0374534bbf9dcee5aa760cb1bc81adeb1f3346bc8a3a11907a4114f64afddf33dc44ffb528917a
  languageName: node
  linkType: hard

"readable-stream@npm:^3.1.1, readable-stream@npm:^3.4.0, readable-stream@npm:^3.6.0":
  version: 3.6.1
  resolution: "readable-stream@npm:3.6.1"
  dependencies:
    inherits: "npm:^2.0.3"
    string_decoder: "npm:^1.1.1"
    util-deprecate: "npm:^1.0.1"
  checksum: bac1ff5c5511b034a463f9ee2e00daa0acc181c97f4fa7d7eea5bf007c3b143ecfa8930da9e706807cca773e38a6b21b87343f12561e86068642d598e854491d
  languageName: node
  linkType: hard

"readable-stream@npm:^4.0.0":
  version: 4.3.0
  resolution: "readable-stream@npm:4.3.0"
  dependencies:
    abort-controller: "npm:^3.0.0"
    buffer: "npm:^6.0.3"
    events: "npm:^3.3.0"
    process: "npm:^0.11.10"
  checksum: 14fa31e8b187abbfa3f48475ea181e02dd998143d40f93625b2db84737905cdf1886d54ce22784158b83d5ec653c6aeadf4aa3ecd680e8c00051737ca113caa7
  languageName: node
  linkType: hard

"retry-request@npm:^5.0.0":
  version: 5.0.2
  resolution: "retry-request@npm:5.0.2"
  dependencies:
    debug: "npm:^4.1.1"
    extend: "npm:^3.0.2"
  checksum: 4aabd246f0bd41c2c317a410650b678182f58cc95a424c4f9eca63886c6343f8486944578626ee34cb9e53ebd3155e713e1e93ea8f1874d5a6c1eaf3cf6a6d1f
  languageName: node
  linkType: hard

"safe-buffer@npm:^5.0.1, safe-buffer@npm:~5.2.0":
  version: 5.2.1
  resolution: "safe-buffer@npm:5.2.1"
  checksum: da8a21b3336a21c152eb3ba8ab41acde5772644f026d4b6e5f9fd8afa4f0cf407c113b19a362580fab9aea8beea295465432fc7684f9ff38aac559bb1b5528cd
  languageName: node
  linkType: hard

"safe-stable-stringify@npm:^2.3.1":
  version: 2.4.2
  resolution: "safe-stable-stringify@npm:2.4.2"
  checksum: a5c53e0aa348f3e73b1d8d2853dfec79dae955f7f864e7a3a112079b38e2900c8320d3ae2c5dc6704a2d2143883d4543d6ec14812017cd6c03bc01c10b671559
  languageName: node
  linkType: hard

"semver@npm:^7.3.7":
  version: 7.3.8
  resolution: "semver@npm:7.3.8"
  dependencies:
    lru-cache: "npm:^6.0.0"
  bin:
    semver: bin/semver.js
  checksum: 94ad80ee14889020cb4a14d809fb99d16cbf4ff3dc7f4c564fc72efe2c5763a60090a1c16a9fd18ceeb1e993a1303a4d870c0a22f26adaf435b368b46a7d8462
  languageName: node
  linkType: hard

"sentence-case@npm:^3.0.4":
  version: 3.0.4
  resolution: "sentence-case@npm:3.0.4"
  dependencies:
    no-case: "npm:^3.0.4"
    tslib: "npm:^2.0.3"
    upper-case-first: "npm:^2.0.2"
  checksum: e98889c53afe8b21f632ed8d7e941141f855ebcf4e3eea14f1d2e8f23e41e657757cdc561c18f7a4b7d51fcdf3bfac1bc5ddaeb589092c7c1ea3dfe869978372
  languageName: node
  linkType: hard

"side-channel@npm:^1.0.4":
  version: 1.0.4
  resolution: "side-channel@npm:1.0.4"
  dependencies:
    call-bind: "npm:^1.0.0"
    get-intrinsic: "npm:^1.0.2"
    object-inspect: "npm:^1.9.0"
  checksum: d712a4e682471c1a1c7bf9294a8bb0f066566e016de11fdb01ae0c0ebf8102c97cc2b2d3b0264ca377eb2d3444bf4c06909392c518a162f047b7444608e0e9a2
  languageName: node
  linkType: hard

"simple-swizzle@npm:^0.2.2":
  version: 0.2.2
  resolution: "simple-swizzle@npm:0.2.2"
  dependencies:
    is-arrayish: "npm:^0.3.1"
  checksum: da2f0812cd395009bbe2fd2fe803300a63025f7f330c1492ea41e2b4a819138806a2a99c05ae1527cb750da43ff9dc2ccde294ad1e998cedbd459cb068dc68a3
  languageName: node
  linkType: hard

"snake-case@npm:^3.0.4":
  version: 3.0.4
  resolution: "snake-case@npm:3.0.4"
  dependencies:
    dot-case: "npm:^3.0.4"
    tslib: "npm:^2.0.3"
  checksum: b33d2573a0e33397e29cf2bb97e7dded7bf8be7efc53051bba85bd4888917277ae174f328d831424b3f9e5a6095823bcc11a62af0e9c77c88f127aa53a3d98bb
  languageName: node
  linkType: hard

"stack-trace@npm:0.0.x":
  version: 0.0.10
  resolution: "stack-trace@npm:0.0.10"
  checksum: f9a4244c4ba2523b79c8eee52c6dd6505289c7d13ae06664baa36b7482f5e6556564ac2d8442a604fc43a519c3217499572100a51956c0d5b521e05bbc9c4433
  languageName: node
  linkType: hard

"stream-events@npm:^1.0.5":
  version: 1.0.5
  resolution: "stream-events@npm:1.0.5"
  dependencies:
    stubs: "npm:^3.0.0"
  checksum: 7dfd08e9ae600d50cd86189636ed0f7c1e7918ef0e979d58e408b78fd6a15862265262ac23d6e0b6b465b7ea01430d2e271700a4c7253f38e8f170f0eb69e387
  languageName: node
  linkType: hard

"stream-shift@npm:^1.0.0":
  version: 1.0.1
  resolution: "stream-shift@npm:1.0.1"
  checksum: 078c51f760750e60a20bb9264d4ca6918bedd8a6e1fb474a475699411916606b840f8b4cb5d038f684afc549692475fde16535d73d80dc2f2cec61366211b8d1
  languageName: node
  linkType: hard

"string-collapse-leading-whitespace@npm:^7.0.3":
  version: 7.0.3
  resolution: "string-collapse-leading-whitespace@npm:7.0.3"
  checksum: 6d6923c734da9ef8568389c45daa1d06b28996ba4613822267c33105849f897aa844b62b928336f8ea2dad1420ec81ea982afbb7b93aa223a5f133e1c0b11190
  languageName: node
  linkType: hard

"string-left-right@npm:^6.0.8":
  version: 6.0.8
  resolution: "string-left-right@npm:6.0.8"
  dependencies:
    codsen-utils: "npm:^1.2.0"
    lodash.clonedeep: "npm:^4.5.0"
  checksum: 2cfe3ff619eab0400f467e8d21228188d8587aff4a6e51281015ac5bb60288924d44309e2385ca3a34f59e4505c71973aaa333fcc45b2492758cbb0295d12aac
  languageName: node
  linkType: hard

"string-strip-html@npm:^13.2.0":
  version: 13.2.0
  resolution: "string-strip-html@npm:13.2.0"
  dependencies:
    codsen-utils: "npm:^1.2.0"
    html-entities: "npm:^2.3.3"
    lodash.trim: "npm:^4.5.1"
    lodash.without: "npm:^4.4.0"
    ranges-apply: "npm:^7.0.5"
    ranges-push: "npm:^7.0.5"
    string-left-right: "npm:^6.0.8"
  checksum: f725a84fb3a8de05df4ab03c7a8409a704aa51f39d3680c8a4a963b2d5360bcd98f9cfc64a65f367c49acbc3e0e29c3b74ccdc7f944ce918d6b03dde9f38ebe2
  languageName: node
  linkType: hard

"string-trim-spaces-only@npm:^5.0.5":
  version: 5.0.5
  resolution: "string-trim-spaces-only@npm:5.0.5"
  checksum: fe469ffbf58568c475ee996a54e51c5943e77169a7ade5821b8abe3c2453b34aa3281b66dd6f070319e3556df7bac2b0a5507da40e72bfa326ce1eb3b802cbb5
  languageName: node
  linkType: hard

"string_decoder@npm:^1.1.1":
  version: 1.3.0
  resolution: "string_decoder@npm:1.3.0"
  dependencies:
    safe-buffer: "npm:~5.2.0"
  checksum: c6b892bdb15861a68c4f9599bdff3909c70b1a2cee73d226a235b8fbadfc0aa060bdd265cb3fd86e856cee6d98cd0d657f84098cb51241f4fae19d0cacf9e13e
  languageName: node
  linkType: hard

"stubs@npm:^3.0.0":
  version: 3.0.0
  resolution: "stubs@npm:3.0.0"
  checksum: 5948f943bd917d09639ec7cc5d7a6fe2646f4f0529043d0d25a0869048a5900164799dcd3f2a980ec342d561168d0815e4c32d0df9a167f3a700d9b824f8bcae
  languageName: node
  linkType: hard

"teeny-request@npm:^8.0.0":
  version: 8.0.3
  resolution: "teeny-request@npm:8.0.3"
  dependencies:
    http-proxy-agent: "npm:^5.0.0"
    https-proxy-agent: "npm:^5.0.0"
    node-fetch: "npm:^2.6.1"
    stream-events: "npm:^1.0.5"
    uuid: "npm:^9.0.0"
  checksum: da047c240038052794db62ec7c868ec41b0a606bffb421526f5dcae3daf87a13121704aff6399e7b7e55af847a3ade54f553bfcd624a4534704ff709542cc0f8
  languageName: node
  linkType: hard

"text-hex@npm:1.0.x":
  version: 1.0.0
  resolution: "text-hex@npm:1.0.0"
  checksum: e80d704a0ccc53d0ca2e4a74c1a8d0a3e5bb718dab9e3694042e00d60fab56b542e05442e28589a05ea8a2e1ea6c6b5cf7956a8176d982aa1b29f5d94e5f8edc
  languageName: node
  linkType: hard

"tiny-invariant@npm:^1.3.1":
  version: 1.3.1
  resolution: "tiny-invariant@npm:1.3.1"
  checksum: 26961717eddd03a59e6d71b8ef283cb8754f3b40e23813f63a10fb24c289e07d42563fbf1883972489b75aa91308e128de143b722b0317a34472324c06515a3e
  languageName: node
  linkType: hard

"tootback_batch@workspace:.":
  version: 0.0.0-use.local
  resolution: "tootback_batch@workspace:."
  dependencies:
    "@google-cloud/bigquery": "npm:^6.1.0"
    fs: "npm:^0.0.1-security"
    masto: "npm:^5.10.0"
    moment: "npm:^2.29.4"
    string-strip-html: "npm:^13.2.0"
    typescript: "npm:^4.9.5"
    winston: "npm:^3.8.2"
  languageName: unknown
  linkType: soft

"tr46@npm:~0.0.3":
  version: 0.0.3
  resolution: "tr46@npm:0.0.3"
  checksum: c670667f2df1c0983b48ee7e81d6013ab304f73573e9e4292233821b2219504307bedffc303c32df30813a9138114b8b084c81dea94fb68f08aca7770af98578
  languageName: node
  linkType: hard

"triple-beam@npm:^1.3.0":
  version: 1.3.0
  resolution: "triple-beam@npm:1.3.0"
  checksum: 112538d46be29b6213ff13ce577867c4ab3cbc28b0b9094ed6687d1a1a79f79085861b1b3cff78b1083c293a05d1437c4138522d0fa2683ae54fbe5453971521
  languageName: node
  linkType: hard

"tslib@npm:^2.0.3":
  version: 2.5.0
  resolution: "tslib@npm:2.5.0"
  checksum: 5a6ee935f56cd653af29de928483acbab7323f964b053e98b6b318abc69431fb0e4f660c4f4a396e2e93852510bef25eeb9f1d951d060b2d7bcc313811e5da6f
  languageName: node
  linkType: hard

"typescript@npm:^4.9.5":
  version: 4.9.5
  resolution: "typescript@npm:4.9.5"
  bin:
    tsc: bin/tsc
    tsserver: bin/tsserver
  checksum: 550217a465c00b1d7ef0e0ddc3a6a0b2ae1fd7c1b9f53cde5a1cfe56aa457c7a43fa83792c1b98b2185d2156d0467c9ad6f6600515ad4f4fc2acee54c4bd320e
  languageName: node
  linkType: hard

"typescript@patch:typescript@npm%3A^4.9.5#optional!builtin<compat/typescript>":
  version: 4.9.5
  resolution: "typescript@patch:typescript@npm%3A4.9.5#optional!builtin<compat/typescript>::version=4.9.5&hash=23ec76"
  bin:
    tsc: bin/tsc
    tsserver: bin/tsserver
  checksum: 09f82f25664c79d5cccc389502175093becf51d691b443c79294303681544a399fb42f8384b535ddeba48cadb64e7d14b42de40d8ade4418bb43174989dd8685
  languageName: node
  linkType: hard

"upper-case-first@npm:^2.0.2":
  version: 2.0.2
  resolution: "upper-case-first@npm:2.0.2"
  dependencies:
    tslib: "npm:^2.0.3"
  checksum: 28c69870d26b67dabf1423fe48250fcb2b018b2bf3e4b697ebd85bf48a7e3eb278050f7ab98e5d3d2464a58cfa2ca1b4e2ec513fd5534c7bbf1f2441fd35c8e7
  languageName: node
  linkType: hard

"upper-case@npm:^2.0.2":
  version: 2.0.2
  resolution: "upper-case@npm:2.0.2"
  dependencies:
    tslib: "npm:^2.0.3"
  checksum: 6e63b063617770c22bf13c2cf112dda7235ee8c559ee7b199ab57593bf6e87383aaed416045cad8b9687e33554345c78a8ecd7e3878bca367ca7da29121b8feb
  languageName: node
  linkType: hard

"util-deprecate@npm:^1.0.1":
  version: 1.0.2
  resolution: "util-deprecate@npm:1.0.2"
  checksum: 6a88ed8344d07f2324b304ee36def365d967953b5a9c15baa3213eb3909e86a7da1ee70a4c2133e80c23d6c1987590e9c3c57d874e20a124f9e41620b462fa57
  languageName: node
  linkType: hard

"uuid@npm:^9.0.0":
  version: 9.0.0
  resolution: "uuid@npm:9.0.0"
  bin:
    uuid: dist/bin/uuid
  checksum: e1f76aff372e430bb129157360fd4cd3b393411b245604ea78e178a822ab7874ec2ebecec03ce94422b0b80bbd24733c6fa1df166c9cbad5086ef4b4843140bb
  languageName: node
  linkType: hard

"webidl-conversions@npm:^3.0.0":
  version: 3.0.1
  resolution: "webidl-conversions@npm:3.0.1"
  checksum: 57c8c5fdd986be5432ea6adacd87d6757144289d3b48b33441e7310bd4f4f6d782dd34acbd74d61e923c142cc50333d27ba58235692fa7248541c0bcce2563e1
  languageName: node
  linkType: hard

"whatwg-url@npm:^5.0.0":
  version: 5.0.0
  resolution: "whatwg-url@npm:5.0.0"
  dependencies:
    tr46: "npm:~0.0.3"
    webidl-conversions: "npm:^3.0.0"
  checksum: bd0cc6b75b84b3d032e30712e2f40eefbc07ecd14f093e87b2f81bb68bce10a3961e8eb646a7a8cc9c2352548fb501eeff668c8b2595fd7c6ea91d1406ce11ee
  languageName: node
  linkType: hard

"winston-transport@npm:^4.5.0":
  version: 4.5.0
  resolution: "winston-transport@npm:4.5.0"
  dependencies:
    logform: "npm:^2.3.2"
    readable-stream: "npm:^3.6.0"
    triple-beam: "npm:^1.3.0"
  checksum: 7eadbadff21b747e8f1beea1bfc6bb9ed7e29e66e4b01875044b4e16438f7557ae41dde8a7316fb3568681101f7cb2d1adaad3e14e52b69e32799619640a8685
  languageName: node
  linkType: hard

"winston@npm:^3.8.2":
  version: 3.8.2
  resolution: "winston@npm:3.8.2"
  dependencies:
    "@colors/colors": "npm:1.5.0"
    "@dabh/diagnostics": "npm:^2.0.2"
    async: "npm:^3.2.3"
    is-stream: "npm:^2.0.0"
    logform: "npm:^2.4.0"
    one-time: "npm:^1.0.0"
    readable-stream: "npm:^3.4.0"
    safe-stable-stringify: "npm:^2.3.1"
    stack-trace: "npm:0.0.x"
    triple-beam: "npm:^1.3.0"
    winston-transport: "npm:^4.5.0"
  checksum: 50d7712f49ebb22317b9619334f2dca55f5760257e44915013fd2c060267064386347048e6ecf9f550dfcfba705dc94f58163b44eca72abff388037e792af524
  languageName: node
  linkType: hard

"wrappy@npm:1":
  version: 1.0.2
  resolution: "wrappy@npm:1.0.2"
  checksum: 37d243a577dfeee20586eae1e3208dfb4e4cea1211a2a4116a19b50d91e619ff3dbc5ec934e28ca9baaa11a65df826c8d65c5fd1bb81f0ce0dadb469d47061c2
  languageName: node
  linkType: hard

"ws@npm:^8.12.0":
  version: 8.12.1
  resolution: "ws@npm:8.12.1"
  peerDependencies:
    bufferutil: ^4.0.1
    utf-8-validate: ">=5.0.2"
  peerDependenciesMeta:
    bufferutil:
      optional: true
    utf-8-validate:
      optional: true
  checksum: a876f870ceeaaf115138a47eacc6b2a2d750c95d770124ad2aad4d7b03d4413dae65e6325ac76df3c30930f6c8cb683c65b236f7068e497e5c70a5f8acd9e213
  languageName: node
  linkType: hard

"yallist@npm:^4.0.0":
  version: 4.0.0
  resolution: "yallist@npm:4.0.0"
  checksum: cd7fe32508c6942d8b979278fbe13846fe88cd6840d78043d08c6b2c74d67ce38b58bd21618dca8a4e132dcc025fc0e66a7d87ca10cf6ed338465607ebff4378
  languageName: node
  linkType: hard
